// !$*UTF8*$!
{
	archiveVersion = 1;
	classes = {
	};
	objectVersion = 77;
	objects = {

/* Begin PBXBuildFile section */
		128AE493FB160722FCC031B5 /* VolumeKeyMonitor.swift in Sources */ = {isa = PBXBuildFile; fileRef = DB9270F8BF75E51F3DA44082 /* VolumeKeyMonitor.swift */; };
		424192586FE36C7F9B031024 /* UpdateChecker.swift in Sources */ = {isa = PBXBuildFile; fileRef = 823F14AE9B3C235C106E0CEA /* UpdateChecker.swift */; };
		4D056E8727A338AC81DB818F /* MenuBarView.swift in Sources */ = {isa = PBXBuildFile; fileRef = E6286319B0DDC32754BAA659 /* MenuBarView.swift */; };
		5F4DA8B5510CF244E558B3D1 /* BluetoothBattery.swift in Sources */ = {isa = PBXBuildFile; fileRef = 90D18DFD49524038B72B841B /* BluetoothBattery.swift */; };
		7DDE28F69D6239D699F89C14 /* SettingsView.swift in Sources */ = {isa = PBXBuildFile; fileRef = CD869E280318306887E7FE98 /* SettingsView.swift */; };
		9E2D8EDCB269268BD5045A68 /* Theme.swift in Sources */ = {isa = PBXBuildFile; fileRef = 0B1D2FD1E1300A81D31F018A /* Theme.swift */; };
		B4C6E25B8124E019B35C2B09 /* AudioDeviceManager.swift in Sources */ = {isa = PBXBuildFile; fileRef = AD226AD2040EF54E50809C60 /* AudioDeviceManager.swift */; };
		C81A05ED29D0C84CF9BB54DF /* AudioDevice.swift in Sources */ = {isa = PBXBuildFile; fileRef = AC805762F40B542A79306F98 /* AudioDevice.swift */; };
		DF9C26DD22839D42A45F14D5 /* PresetStore.swift in Sources */ = {isa = PBXBuildFile; fileRef = D4C504EF5388F67ECB465DAB /* PresetStore.swift */; };
		E2C79F79A1FD4DE5EA6F1C6A /* MultiOutApp.swift in Sources */ = {isa = PBXBuildFile; fileRef = B5B116B2B801BC96C445E3C0 /* MultiOutApp.swift */; };
/* End PBXBuildFile section */

/* Begin PBXFileReference section */
		0B1D2FD1E1300A81D31F018A /* Theme.swift */ = {isa = PBXFileReference; lastKnownFileType = sourcecode.swift; path = Theme.swift; sourceTree = "<group>"; };
		823F14AE9B3C235C106E0CEA /* UpdateChecker.swift */ = {isa = PBXFileReference; lastKnownFileType = sourcecode.swift; path = UpdateChecker.swift; sourceTree = "<group>"; };
		90D18DFD49524038B72B841B /* BluetoothBattery.swift */ = {isa = PBXFileReference; lastKnownFileType = sourcecode.swift; path = BluetoothBattery.swift; sourceTree = "<group>"; };
		AC805762F40B542A79306F98 /* AudioDevice.swift */ = {isa = PBXFileReference; lastKnownFileType = sourcecode.swift; path = AudioDevice.swift; sourceTree = "<group>"; };
		AD226AD2040EF54E50809C60 /* AudioDeviceManager.swift */ = {isa = PBXFileReference; lastKnownFileType = sourcecode.swift; path = AudioDeviceManager.swift; sourceTree = "<group>"; };
		B289E924C3C67CD1C0A05897 /* MultiOut.app */ = {isa = PBXFileReference; explicitFileType = wrapper.application; includeInIndex = 0; path = MultiOut.app; sourceTree = BUILT_PRODUCTS_DIR; };
		B5B116B2B801BC96C445E3C0 /* MultiOutApp.swift */ = {isa = PBXFileReference; lastKnownFileType = sourcecode.swift; path = MultiOutApp.swift; sourceTree = "<group>"; };
		CD869E280318306887E7FE98 /* SettingsView.swift */ = {isa = PBXFileReference; lastKnownFileType = sourcecode.swift; path = SettingsView.swift; sourceTree = "<group>"; };
		D4C504EF5388F67ECB465DAB /* PresetStore.swift */ = {isa = PBXFileReference; lastKnownFileType = sourcecode.swift; path = PresetStore.swift; sourceTree = "<group>"; };
		DB9270F8BF75E51F3DA44082 /* VolumeKeyMonitor.swift */ = {isa = PBXFileReference; lastKnownFileType = sourcecode.swift; path = VolumeKeyMonitor.swift; sourceTree = "<group>"; };
		E6286319B0DDC32754BAA659 /* MenuBarView.swift */ = {isa = PBXFileReference; lastKnownFileType = sourcecode.swift; path = MenuBarView.swift; sourceTree = "<group>"; };
/* End PBXFileReference section */

/* Begin PBXGroup section */
		5A4D108DE8DF1A2070795DA5 /* Products */ = {
			isa = PBXGroup;
			children = (
				B289E924C3C67CD1C0A05897 /* MultiOut.app */,
			);
			name = Products;
			sourceTree = "<group>";
		};
		647896CD02CCFBA420DC3F88 /* MultiOut */ = {
			isa = PBXGroup;
			children = (
				AC805762F40B542A79306F98 /* AudioDevice.swift */,
				AD226AD2040EF54E50809C60 /* AudioDeviceManager.swift */,
				90D18DFD49524038B72B841B /* BluetoothBattery.swift */,
				E6286319B0DDC32754BAA659 /* MenuBarView.swift */,
				B5B116B2B801BC96C445E3C0 /* MultiOutApp.swift */,
				D4C504EF5388F67ECB465DAB /* PresetStore.swift */,
				CD869E280318306887E7FE98 /* SettingsView.swift */,
				0B1D2FD1E1300A81D31F018A /* Theme.swift */,
				823F14AE9B3C235C106E0CEA /* UpdateChecker.swift */,
				DB9270F8BF75E51F3DA44082 /* VolumeKeyMonitor.swift */,
			);
			path = MultiOut;
			sourceTree = "<group>";
		};
		93CDF2647DC652951E61C188 = {
			isa = PBXGroup;
			children = (
				647896CD02CCFBA420DC3F88 /* MultiOut */,
				5A4D108DE8DF1A2070795DA5 /* Products */,
			);
			sourceTree = "<group>";
		};
/* End PBXGroup section */

/* Begin PBXNativeTarget section */
		08C8E1C1FA011198CD4C3BE7 /* MultiOut */ = {
			isa = PBXNativeTarget;
			buildConfigurationList = 447ABBD21AE8D28C560C8C42 /* Build configuration list for PBXNativeTarget "MultiOut" */;
			buildPhases = (
				C9F5373CAF979D60DD854E9D /* Sources */,
			);
			buildRules = (
			);
			dependencies = (
			);
			name = MultiOut;
			packageProductDependencies = (
			);
			productName = MultiOut;
			productReference = B289E924C3C67CD1C0A05897 /* MultiOut.app */;
			productType = "com.apple.product-type.application";
		};
/* End PBXNativeTarget section */

/* Begin PBXProject section */
		636BB1BDCBF378889BB6FD38 /* Project object */ = {
			isa = PBXProject;
			attributes = {
				BuildIndependentTargetsInParallel = YES;
				LastUpgradeCheck = 1430;
				TargetAttributes = {
					08C8E1C1FA011198CD4C3BE7 = {
						DevelopmentTeam = "";
						ProvisioningStyle = Manual;
					};
				};
			};
			buildConfigurationList = 4D791EBDA4D9400ACDE019A4 /* Build configuration list for PBXProject "MultiOut" */;
			developmentRegion = en;
			hasScannedForEncodings = 0;
			knownRegions = (
				Base,
				en,
			);
			mainGroup = 93CDF2647DC652951E61C188;
			minimizedProjectReferenceProxies = 1;
			preferredProjectObjectVersion = 77;
			productRefGroup = 5A4D108DE8DF1A2070795DA5 /* Products */;
			projectDirPath = "";
			projectRoot = "";
			targets = (
				08C8E1C1FA011198CD4C3BE7 /* MultiOut */,
			);
		};
/* End PBXProject section */

/* Begin PBXSourcesBuildPhase section */
		C9F5373CAF979D60DD854E9D /* Sources */ = {
			isa = PBXSourcesBuildPhase;
			buildActionMask = 2147483647;
			files = (
				C81A05ED29D0C84CF9BB54DF /* AudioDevice.swift in Sources */,
				B4C6E25B8124E019B35C2B09 /* AudioDeviceManager.swift in Sources */,
				5F4DA8B5510CF244E558B3D1 /* BluetoothBattery.swift in Sources */,
				4D056E8727A338AC81DB818F /* MenuBarView.swift in Sources */,
				E2C79F79A1FD4DE5EA6F1C6A /* MultiOutApp.swift in Sources */,
				DF9C26DD22839D42A45F14D5 /* PresetStore.swift in Sources */,
				7DDE28F69D6239D699F89C14 /* SettingsView.swift in Sources */,
				9E2D8EDCB269268BD5045A68 /* Theme.swift in Sources */,
				424192586FE36C7F9B031024 /* UpdateChecker.swift in Sources */,
				128AE493FB160722FCC031B5 /* VolumeKeyMonitor.swift in Sources */,
			);
			runOnlyForDeploymentPostprocessing = 0;
		};
/* End PBXSourcesBuildPhase section */

/* Begin XCBuildConfiguration section */
		3CC5694E46EBEC86EE4870C3 /* Debug */ = {
			isa = XCBuildConfiguration;
			buildSettings = {
				ALWAYS_SEARCH_USER_PATHS = NO;
				CLANG_ANALYZER_NONNULL = YES;
				CLANG_ANALYZER_NUMBER_OBJECT_CONVERSION = YES_AGGRESSIVE;
				CLANG_CXX_LANGUAGE_STANDARD = "gnu++14";
				CLANG_CXX_LIBRARY = "libc++";
				CLANG_ENABLE_MODULES = YES;
				CLANG_ENABLE_OBJC_ARC = YES;
				CLANG_ENABLE_OBJC_WEAK = YES;
				CLANG_WARN_BLOCK_CAPTURE_AUTORELEASING = YES;
				CLANG_WARN_BOOL_CONVERSION = YES;
				CLANG_WARN_COMMA = YES;
				CLANG_WARN_CONSTANT_CONVERSION = YES;
				CLANG_WARN_DEPRECATED_OBJC_IMPLEMENTATIONS = YES;
				CLANG_WARN_DIRECT_OBJC_ISA_USAGE = YES_ERROR;
				CLANG_WARN_DOCUMENTATION_COMMENTS = YES;
				CLANG_WARN_EMPTY_BODY = YES;
				CLANG_WARN_ENUM_CONVERSION = YES;
				CLANG_WARN_INFINITE_RECURSION = YES;
				CLANG_WARN_INT_CONVERSION = YES;
				CLANG_WARN_NON_LITERAL_NULL_CONVERSION = YES;
				CLANG_WARN_OBJC_IMPLICIT_RETAIN_SELF = YES;
				CLANG_WARN_OBJC_LITERAL_CONVERSION = YES;
				CLANG_WARN_OBJC_ROOT_CLASS = YES_ERROR;
				CLANG_WARN_QUOTED_INCLUDE_IN_FRAMEWORK_HEADER = YES;
				CLANG_WARN_RANGE_LOOP_ANALYSIS = YES;
				CLANG_WARN_STRICT_PROTOTYPES = YES;
				CLANG_WARN_SUSPICIOUS_MOVE = YES;
				CLANG_WARN_UNGUARDED_AVAILABILITY = YES_AGGRESSIVE;
				CLANG_WARN_UNREACHABLE_CODE = YES;
				CLANG_WARN__DUPLICATE_METHOD_MATCH = YES;
				COPY_PHASE_STRIP = NO;
				DEBUG_INFORMATION_FORMAT = dwarf;
				ENABLE_STRICT_OBJC_MSGSEND = YES;
				ENABLE_TESTABILITY = YES;
				GCC_C_LANGUAGE_STANDARD = gnu11;
				GCC_DYNAMIC_NO_PIC = NO;
				GCC_NO_COMMON_BLOCKS = YES;
				GCC_OPTIMIZATION_LEVEL = 0;
				GCC_PREPROCESSOR_DEFINITIONS = (
					"$(inherited)",
					"DEBUG=1",
				);
				GCC_WARN_64_TO_32_BIT_CONVERSION = YES;
				GCC_WARN_ABOUT_RETURN_TYPE = YES_ERROR;
				GCC_WARN_UNDECLARED_SELECTOR = YES;
				GCC_WARN_UNINITIALIZED_AUTOS = YES_AGGRESSIVE;
				GCC_WARN_UNUSED_FUNCTION = YES;
				GCC_WARN_UNUSED_VARIABLE = YES;
				MACOSX_DEPLOYMENT_TARGET = 26.0;
				MTL_ENABLE_DEBUG_INFO = INCLUDE_SOURCE;
				MTL_FAST_MATH = YES;
				ONLY_ACTIVE_ARCH = YES;
				PRODUCT_NAME = "$(TARGET_NAME)";
				SDKROOT = macosx;
				SWIFT_ACTIVE_COMPILATION_CONDITIONS = DEBUG;
				SWIFT_OPTIMIZATION_LEVEL = "-Onone";
				SWIFT_VERSION = 5.0;
			};
			name = Debug;
		};
		46C607E910B6087554B962B6 /* Debug */ = {
			isa = XCBuildConfiguration;
			buildSettings = {
				ASSETCATALOG_COMPILER_APPICON_NAME = AppIcon;
				CODE_SIGN_IDENTITY = "MultiOut Local";
				CODE_SIGN_STYLE = Manual;
				COMBINE_HIDPI_IMAGES = YES;
				DEVELOPMENT_TEAM = "";
				ENABLE_HARDENED_RUNTIME = NO;
				INFOPLIST_FILE = MultiOut/Info.plist;
				LD_RUNPATH_SEARCH_PATHS = (
					"$(inherited)",
					"@executable_path/../Frameworks",
				);
				MACOSX_DEPLOYMENT_TARGET = 26.0;
				PRODUCT_BUNDLE_IDENTIFIER = com.multiout.app;
				SDKROOT = macosx;
				SWIFT_VERSION = 5.9;
			};
			name = Debug;
		};
		4DC586138260311185690F4D /* Release */ = {
			isa = XCBuildConfiguration;
			buildSettings = {
				ASSETCATALOG_COMPILER_APPICON_NAME = AppIcon;
				CODE_SIGN_IDENTITY = "MultiOut Local";
				CODE_SIGN_STYLE = Manual;
				COMBINE_HIDPI_IMAGES = YES;
				DEVELOPMENT_TEAM = "";
				ENABLE_HARDENED_RUNTIME = NO;
				INFOPLIST_FILE = MultiOut/Info.plist;
				LD_RUNPATH_SEARCH_PATHS = (
					"$(inherited)",
					"@executable_path/../Frameworks",
				);
				MACOSX_DEPLOYMENT_TARGET = 26.0;
				PRODUCT_BUNDLE_IDENTIFIER = com.multiout.app;
				SDKROOT = macosx;
				SWIFT_VERSION = 5.9;
			};
			name = Release;
		};
		61D5EFEC2AE16567BD9CA2E5 /* Release */ = {
			isa = XCBuildConfiguration;
			buildSettings = {
				ALWAYS_SEARCH_USER_PATHS = NO;
				CLANG_ANALYZER_NONNULL = YES;
				CLANG_ANALYZER_NUMBER_OBJECT_CONVERSION = YES_AGGRESSIVE;
				CLANG_CXX_LANGUAGE_STANDARD = "gnu++14";
				CLANG_CXX_LIBRARY = "libc++";
				CLANG_ENABLE_MODULES = YES;
				CLANG_ENABLE_OBJC_ARC = YES;
				CLANG_ENABLE_OBJC_WEAK = YES;
				CLANG_WARN_BLOCK_CAPTURE_AUTORELEASING = YES;
				CLANG_WARN_BOOL_CONVERSION = YES;
				CLANG_WARN_COMMA = YES;
				CLANG_WARN_CONSTANT_CONVERSION = YES;
				CLANG_WARN_DEPRECATED_OBJC_IMPLEMENTATIONS = YES;
				CLANG_WARN_DIRECT_OBJC_ISA_USAGE = YES_ERROR;
				CLANG_WARN_DOCUMENTATION_COMMENTS = YES;
				CLANG_WARN_EMPTY_BODY = YES;
				CLANG_WARN_ENUM_CONVERSION = YES;
				CLANG_WARN_INFINITE_RECURSION = YES;
				CLANG_WARN_INT_CONVERSION = YES;
				CLANG_WARN_NON_LITERAL_NULL_CONVERSION = YES;
				CLANG_WARN_OBJC_IMPLICIT_RETAIN_SELF = YES;
				CLANG_WARN_OBJC_LITERAL_CONVERSION = YES;
				CLANG_WARN_OBJC_ROOT_CLASS = YES_ERROR;
				CLANG_WARN_QUOTED_INCLUDE_IN_FRAMEWORK_HEADER = YES;
				CLANG_WARN_RANGE_LOOP_ANALYSIS = YES;
				CLANG_WARN_STRICT_PROTOTYPES = YES;
				CLANG_WARN_SUSPICIOUS_MOVE = YES;
				CLANG_WARN_UNGUARDED_AVAILABILITY = YES_AGGRESSIVE;
				CLANG_WARN_UNREACHABLE_CODE = YES;
				CLANG_WARN__DUPLICATE_METHOD_MATCH = YES;
				COPY_PHASE_STRIP = NO;
				DEBUG_INFORMATION_FORMAT = "dwarf-with-dsym";
				ENABLE_NS_ASSERTIONS = NO;
				ENABLE_STRICT_OBJC_MSGSEND = YES;
				GCC_C_LANGUAGE_STANDARD = gnu11;
				GCC_NO_COMMON_BLOCKS = YES;
				GCC_WARN_64_TO_32_BIT_CONVERSION = YES;
				GCC_WARN_ABOUT_RETURN_TYPE = YES_ERROR;
				GCC_WARN_UNDECLARED_SELECTOR = YES;
				GCC_WARN_UNINITIALIZED_AUTOS = YES_AGGRESSIVE;
				GCC_WARN_UNUSED_FUNCTION = YES;
				GCC_WARN_UNUSED_VARIABLE = YES;
				MACOSX_DEPLOYMENT_TARGET = 26.0;
				MTL_ENABLE_DEBUG_INFO = NO;
				MTL_FAST_MATH = YES;
				PRODUCT_NAME = "$(TARGET_NAME)";
				SDKROOT = macosx;
				SWIFT_COMPILATION_MODE = wholemodule;
				SWIFT_OPTIMIZATION_LEVEL = "-O";
				SWIFT_VERSION = 5.0;
			};
			name = Release;
		};
/* End XCBuildConfiguration section */

/* Begin XCConfigurationList section */
		447ABBD21AE8D28C560C8C42 /* Build configuration list for PBXNativeTarget "MultiOut" */ = {
			isa = XCConfigurationList;
			buildConfigurations = (
				46C607E910B6087554B962B6 /* Debug */,
				4DC586138260311185690F4D /* Release */,
			);
			defaultConfigurationIsVisible = 0;
			defaultConfigurationName = Debug;
		};
		4D791EBDA4D9400ACDE019A4 /* Build configuration list for PBXProject "MultiOut" */ = {
			isa = XCConfigurationList;
			buildConfigurations = (
				3CC5694E46EBEC86EE4870C3 /* Debug */,
				61D5EFEC2AE16567BD9CA2E5 /* Release */,
			);
			defaultConfigurationIsVisible = 0;
			defaultConfigurationName = Debug;
		};
/* End XCConfigurationList section */
	};
	rootObject = 636BB1BDCBF378889BB6FD38 /* Project object */;
}
